// !$*UTF8*$!
{
	archiveVersion = 1;
	classes = {
	};
	objectVersion = 50;
	objects = {

/* Begin PBXBuildFile section */
		31B6BA3A264085A7001BF48A /* OnboardingView.swift in Sources */ = {isa = PBXBuildFile; fileRef = 31B6BA39264085A7001BF48A /* OnboardingView.swift */; };
		31B6BA3E264085CB001BF48A /* ProfileView.swift in Sources */ = {isa = PBXBuildFile; fileRef = 31B6BA3D264085CB001BF48A /* ProfileView.swift */; };
		31B6BA40264085DC001BF48A /* Search.swift in Sources */ = {isa = PBXBuildFile; fileRef = 31B6BA3F264085DC001BF48A /* Search.swift */; };
		31B6BA42264085F5001BF48A /* Discover.swift in Sources */ = {isa = PBXBuildFile; fileRef = 31B6BA41264085F5001BF48A /* Discover.swift */; };
		31B6BA4426408643001BF48A /* Event.swift in Sources */ = {isa = PBXBuildFile; fileRef = 31B6BA4326408643001BF48A /* Event.swift */; };
		31B6BA4626408653001BF48A /* MyEvents.swift in Sources */ = {isa = PBXBuildFile; fileRef = 31B6BA4526408653001BF48A /* MyEvents.swift */; };
		31E76843263F6E4000F8F65B /* PartyApp.swift in Sources */ = {isa = PBXBuildFile; fileRef = 31E76842263F6E4000F8F65B /* PartyApp.swift */; };
		31E76845263F6E4000F8F65B /* SplashView.swift in Sources */ = {isa = PBXBuildFile; fileRef = 31E76844263F6E4000F8F65B /* SplashView.swift */; };
		31E76847263F6E4100F8F65B /* Assets.xcassets in Resources */ = {isa = PBXBuildFile; fileRef = 31E76846263F6E4100F8F65B /* Assets.xcassets */; };
		31E7684A263F6E4100F8F65B /* Preview Assets.xcassets in Resources */ = {isa = PBXBuildFile; fileRef = 31E76849263F6E4100F8F65B /* Preview Assets.xcassets */; };
		31E76852263F76D900F8F65B /* Model.swift in Sources */ = {isa = PBXBuildFile; fileRef = 31E76851263F76D900F8F65B /* Model.swift */; };
		31E76854263F76FD00F8F65B /* ViewModel.swift in Sources */ = {isa = PBXBuildFile; fileRef = 31E76853263F76FD00F8F65B /* ViewModel.swift */; };
/* End PBXBuildFile section */

/* Begin PBXFileReference section */
		31B6BA39264085A7001BF48A /* OnboardingView.swift */ = {isa = PBXFileReference; lastKnownFileType = sourcecode.swift; path = OnboardingView.swift; sourceTree = "<group>"; };
		31B6BA3D264085CB001BF48A /* ProfileView.swift */ = {isa = PBXFileReference; lastKnownFileType = sourcecode.swift; path = ProfileView.swift; sourceTree = "<group>"; };
		31B6BA3F264085DC001BF48A /* Search.swift */ = {isa = PBXFileReference; lastKnownFileType = sourcecode.swift; path = Search.swift; sourceTree = "<group>"; };
		31B6BA41264085F5001BF48A /* Discover.swift */ = {isa = PBXFileReference; lastKnownFileType = sourcecode.swift; path = Discover.swift; sourceTree = "<group>"; };
		31B6BA4326408643001BF48A /* Event.swift */ = {isa = PBXFileReference; lastKnownFileType = sourcecode.swift; path = Event.swift; sourceTree = "<group>"; };
		31B6BA4526408653001BF48A /* MyEvents.swift */ = {isa = PBXFileReference; lastKnownFileType = sourcecode.swift; path = MyEvents.swift; sourceTree = "<group>"; };
		31E7683F263F6E4000F8F65B /* PartyApp.app */ = {isa = PBXFileReference; explicitFileType = wrapper.application; includeInIndex = 0; path = PartyApp.app; sourceTree = BUILT_PRODUCTS_DIR; };
		31E76842263F6E4000F8F65B /* PartyApp.swift */ = {isa = PBXFileReference; lastKnownFileType = sourcecode.swift; path = PartyApp.swift; sourceTree = "<group>"; };
		31E76844263F6E4000F8F65B /* SplashView.swift */ = {isa = PBXFileReference; lastKnownFileType = sourcecode.swift; path = SplashView.swift; sourceTree = "<group>"; };
		31E76846263F6E4100F8F65B /* Assets.xcassets */ = {isa = PBXFileReference; lastKnownFileType = folder.assetcatalog; path = Assets.xcassets; sourceTree = "<group>"; };
		31E76849263F6E4100F8F65B /* Preview Assets.xcassets */ = {isa = PBXFileReference; lastKnownFileType = folder.assetcatalog; path = "Preview Assets.xcassets"; sourceTree = "<group>"; };
		31E7684B263F6E4100F8F65B /* Info.plist */ = {isa = PBXFileReference; lastKnownFileType = text.plist.xml; path = Info.plist; sourceTree = "<group>"; };
		31E76851263F76D900F8F65B /* Model.swift */ = {isa = PBXFileReference; lastKnownFileType = sourcecode.swift; path = Model.swift; sourceTree = "<group>"; };
		31E76853263F76FD00F8F65B /* ViewModel.swift */ = {isa = PBXFileReference; lastKnownFileType = sourcecode.swift; path = ViewModel.swift; sourceTree = "<group>"; };
/* End PBXFileReference section */

/* Begin PBXFrameworksBuildPhase section */
		31E7683C263F6E4000F8F65B /* Frameworks */ = {
			isa = PBXFrameworksBuildPhase;
			buildActionMask = 2147483647;
			files = (
			);
			runOnlyForDeploymentPostprocessing = 0;
		};
/* End PBXFrameworksBuildPhase section */

/* Begin PBXGroup section */
		31B6BA3826408561001BF48A /* View */ = {
			isa = PBXGroup;
			children = (
				31E76844263F6E4000F8F65B /* SplashView.swift */,
				31B6BA39264085A7001BF48A /* OnboardingView.swift */,
				31B6BA41264085F5001BF48A /* Discover.swift */,
				31B6BA3F264085DC001BF48A /* Search.swift */,
				31B6BA3D264085CB001BF48A /* ProfileView.swift */,
				31B6BA4526408653001BF48A /* MyEvents.swift */,
				31B6BA4326408643001BF48A /* Event.swift */,
			);
			path = View;
			sourceTree = "<group>";
		};
		31B6BA47264086E2001BF48A /* Model */ = {
			isa = PBXGroup;
			children = (
				31E76851263F76D900F8F65B /* Model.swift */,
			);
			path = Model;
			sourceTree = "<group>";
		};
		31B6BA48264086F5001BF48A /* ViewModel */ = {
			isa = PBXGroup;
			children = (
				31E76853263F76FD00F8F65B /* ViewModel.swift */,
			);
			path = ViewModel;
			sourceTree = "<group>";
		};
		31E76836263F6E4000F8F65B = {
			isa = PBXGroup;
			children = (
				31E76841263F6E4000F8F65B /* PartyApp */,
				31E76840263F6E4000F8F65B /* Products */,
			);
			sourceTree = "<group>";
		};
		31E76840263F6E4000F8F65B /* Products */ = {
			isa = PBXGroup;
			children = (
				31E7683F263F6E4000F8F65B /* PartyApp.app */,
			);
			name = Products;
			sourceTree = "<group>";
		};
		31E76841263F6E4000F8F65B /* PartyApp */ = {
			isa = PBXGroup;
			children = (
				31B6BA3826408561001BF48A /* View */,
				31B6BA48264086F5001BF48A /* ViewModel */,
				31B6BA47264086E2001BF48A /* Model */,
				31E76842263F6E4000F8F65B /* PartyApp.swift */,
				31E76846263F6E4100F8F65B /* Assets.xcassets */,
				31E7684B263F6E4100F8F65B /* Info.plist */,
				31E76848263F6E4100F8F65B /* Preview Content */,
			);
			path = PartyApp;
			sourceTree = "<group>";
		};
		31E76848263F6E4100F8F65B /* Preview Content */ = {
			isa = PBXGroup;
			children = (
				31E76849263F6E4100F8F65B /* Preview Assets.xcassets */,
			);
			path = "Preview Content";
			sourceTree = "<group>";
		};
/* End PBXGroup section */

/* Begin PBXNativeTarget section */
		31E7683E263F6E4000F8F65B /* PartyApp */ = {
			isa = PBXNativeTarget;
			buildConfigurationList = 31E7684E263F6E4100F8F65B /* Build configuration list for PBXNativeTarget "PartyApp" */;
			buildPhases = (
				31E7683B263F6E4000F8F65B /* Sources */,
				31E7683C263F6E4000F8F65B /* Frameworks */,
				31E7683D263F6E4000F8F65B /* Resources */,
			);
			buildRules = (
			);
			dependencies = (
			);
			name = PartyApp;
			productName = PartyApp;
			productReference = 31E7683F263F6E4000F8F65B /* PartyApp.app */;
			productType = "com.apple.product-type.application";
		};
/* End PBXNativeTarget section */

/* Begin PBXProject section */
		31E76837263F6E4000F8F65B /* Project object */ = {
			isa = PBXProject;
			attributes = {
				LastSwiftUpdateCheck = 1250;
				LastUpgradeCheck = 1250;
				TargetAttributes = {
					31E7683E263F6E4000F8F65B = {
						CreatedOnToolsVersion = 12.5;
					};
				};
			};
			buildConfigurationList = 31E7683A263F6E4000F8F65B /* Build configuration list for PBXProject "PartyApp" */;
			compatibilityVersion = "Xcode 9.3";
			developmentRegion = en;
			hasScannedForEncodings = 0;
			knownRegions = (
				en,
				Base,
			);
			mainGroup = 31E76836263F6E4000F8F65B;
			productRefGroup = 31E76840263F6E4000F8F65B /* Products */;
			projectDirPath = "";
			projectRoot = "";
			targets = (
				31E7683E263F6E4000F8F65B /* PartyApp */,
			);
		};
/* End PBXProject section */

/* Begin PBXResourcesBuildPhase section */
		31E7683D263F6E4000F8F65B /* Resources */ = {
			isa = PBXResourcesBuildPhase;
			buildActionMask = 2147483647;
			files = (
				31E7684A263F6E4100F8F65B /* Preview Assets.xcassets in Resources */,
				31E76847263F6E4100F8F65B /* Assets.xcassets in Resources */,
			);
			runOnlyForDeploymentPostprocessing = 0;
		};
/* End PBXResourcesBuildPhase section */

/* Begin PBXSourcesBuildPhase section */
		31E7683B263F6E4000F8F65B /* Sources */ = {
			isa = PBXSourcesBuildPhase;
			buildActionMask = 2147483647;
			files = (
				31E76852263F76D900F8F65B /* Model.swift in Sources */,
				31E76845263F6E4000F8F65B /* SplashView.swift in Sources */,
				31B6BA42264085F5001BF48A /* Discover.swift in Sources */,
				31B6BA3A264085A7001BF48A /* OnboardingView.swift in Sources */,
				31B6BA4426408643001BF48A /* Event.swift in Sources */,
				31B6BA3E264085CB001BF48A /* ProfileView.swift in Sources */,
				31E76854263F76FD00F8F65B /* ViewModel.swift in Sources */,
				31B6BA40264085DC001BF48A /* Search.swift in Sources */,
				31B6BA4626408653001BF48A /* MyEvents.swift in Sources */,
				31E76843263F6E4000F8F65B /* PartyApp.swift in Sources */,
			);
			runOnlyForDeploymentPostprocessing = 0;
		};
/* End PBXSourcesBuildPhase section */

/* Begin XCBuildConfiguration section */
		31E7684C263F6E4100F8F65B /* Debug */ = {
			isa = XCBuildConfiguration;
			buildSettings = {
				ALWAYS_SEARCH_USER_PATHS = NO;
				CLANG_ANALYZER_NONNULL = YES;
				CLANG_ANALYZER_NUMBER_OBJECT_CONVERSION = YES_AGGRESSIVE;
				CLANG_CXX_LANGUAGE_STANDARD = "gnu++14";
				CLANG_CXX_LIBRARY = "libc++";
				CLANG_ENABLE_MODULES = YES;
				CLANG_ENABLE_OBJC_ARC = YES;
				CLANG_ENABLE_OBJC_WEAK = YES;
				CLANG_WARN_BLOCK_CAPTURE_AUTORELEASING = YES;
				CLANG_WARN_BOOL_CONVERSION = YES;
				CLANG_WARN_COMMA = YES;
				CLANG_WARN_CONSTANT_CONVERSION = YES;
				CLANG_WARN_DEPRECATED_OBJC_IMPLEMENTATIONS = YES;
				CLANG_WARN_DIRECT_OBJC_ISA_USAGE = YES_ERROR;
				CLANG_WARN_DOCUMENTATION_COMMENTS = YES;
				CLANG_WARN_EMPTY_BODY = YES;
				CLANG_WARN_ENUM_CONVERSION = YES;
				CLANG_WARN_INFINITE_RECURSION = YES;
				CLANG_WARN_INT_CONVERSION = YES;
				CLANG_WARN_NON_LITERAL_NULL_CONVERSION = YES;
				CLANG_WARN_OBJC_IMPLICIT_RETAIN_SELF = YES;
				CLANG_WARN_OBJC_LITERAL_CONVERSION = YES;
				CLANG_WARN_OBJC_ROOT_CLASS = YES_ERROR;
				CLANG_WARN_QUOTED_INCLUDE_IN_FRAMEWORK_HEADER = YES;
				CLANG_WARN_RANGE_LOOP_ANALYSIS = YES;
				CLANG_WARN_STRICT_PROTOTYPES = YES;
				CLANG_WARN_SUSPICIOUS_MOVE = YES;
				CLANG_WARN_UNGUARDED_AVAILABILITY = YES_AGGRESSIVE;
				CLANG_WARN_UNREACHABLE_CODE = YES;
				CLANG_WARN__DUPLICATE_METHOD_MATCH = YES;
				COPY_PHASE_STRIP = NO;
				DEBUG_INFORMATION_FORMAT = dwarf;
				ENABLE_STRICT_OBJC_MSGSEND = YES;
				ENABLE_TESTABILITY = YES;
				GCC_C_LANGUAGE_STANDARD = gnu11;
				GCC_DYNAMIC_NO_PIC = NO;
				GCC_NO_COMMON_BLOCKS = YES;
				GCC_OPTIMIZATION_LEVEL = 0;
				GCC_PREPROCESSOR_DEFINITIONS = (
					"DEBUG=1",
					"$(inherited)",
				);
				GCC_WARN_64_TO_32_BIT_CONVERSION = YES;
				GCC_WARN_ABOUT_RETURN_TYPE = YES_ERROR;
				GCC_WARN_UNDECLARED_SELECTOR = YES;
				GCC_WARN_UNINITIALIZED_AUTOS = YES_AGGRESSIVE;
				GCC_WARN_UNUSED_FUNCTION = YES;
				GCC_WARN_UNUSED_VARIABLE = YES;
				IPHONEOS_DEPLOYMENT_TARGET = 14.5;
				MTL_ENABLE_DEBUG_INFO = INCLUDE_SOURCE;
				MTL_FAST_MATH = YES;
				ONLY_ACTIVE_ARCH = YES;
				SDKROOT = iphoneos;
				SWIFT_ACTIVE_COMPILATION_CONDITIONS = DEBUG;
				SWIFT_OPTIMIZATION_LEVEL = "-Onone";
			};
			name = Debug;
		};
		31E7684D263F6E4100F8F65B /* Release */ = {
			isa = XCBuildConfiguration;
			buildSettings = {
				ALWAYS_SEARCH_USER_PATHS = NO;
				CLANG_ANALYZER_NONNULL = YES;
				CLANG_ANALYZER_NUMBER_OBJECT_CONVERSION = YES_AGGRESSIVE;
				CLANG_CXX_LANGUAGE_STANDARD = "gnu++14";
				CLANG_CXX_LIBRARY = "libc++";
				CLANG_ENABLE_MODULES = YES;
				CLANG_ENABLE_OBJC_ARC = YES;
				CLANG_ENABLE_OBJC_WEAK = YES;
				CLANG_WARN_BLOCK_CAPTURE_AUTORELEASING = YES;
				CLANG_WARN_BOOL_CONVERSION = YES;
				CLANG_WARN_COMMA = YES;
				CLANG_WARN_CONSTANT_CONVERSION = YES;
				CLANG_WARN_DEPRECATED_OBJC_IMPLEMENTATIONS = YES;
				CLANG_WARN_DIRECT_OBJC_ISA_USAGE = YES_ERROR;
				CLANG_WARN_DOCUMENTATION_COMMENTS = YES;
				CLANG_WARN_EMPTY_BODY = YES;
				CLANG_WARN_ENUM_CONVERSION = YES;
				CLANG_WARN_INFINITE_RECURSION = YES;
				CLANG_WARN_INT_CONVERSION = YES;
				CLANG_WARN_NON_LITERAL_NULL_CONVERSION = YES;
				CLANG_WARN_OBJC_IMPLICIT_RETAIN_SELF = YES;
				CLANG_WARN_OBJC_LITERAL_CONVERSION = YES;
				CLANG_WARN_OBJC_ROOT_CLASS = YES_ERROR;
				CLANG_WARN_QUOTED_INCLUDE_IN_FRAMEWORK_HEADER = YES;
				CLANG_WARN_RANGE_LOOP_ANALYSIS = YES;
				CLANG_WARN_STRICT_PROTOTYPES = YES;
				CLANG_WARN_SUSPICIOUS_MOVE = YES;
				CLANG_WARN_UNGUARDED_AVAILABILITY = YES_AGGRESSIVE;
				CLANG_WARN_UNREACHABLE_CODE = YES;
				CLANG_WARN__DUPLICATE_METHOD_MATCH = YES;
				COPY_PHASE_STRIP = NO;
				DEBUG_INFORMATION_FORMAT = "dwarf-with-dsym";
				ENABLE_NS_ASSERTIONS = NO;
				ENABLE_STRICT_OBJC_MSGSEND = YES;
				GCC_C_LANGUAGE_STANDARD = gnu11;
				GCC_NO_COMMON_BLOCKS = YES;
				GCC_WARN_64_TO_32_BIT_CONVERSION = YES;
				GCC_WARN_ABOUT_RETURN_TYPE = YES_ERROR;
				GCC_WARN_UNDECLARED_SELECTOR = YES;
				GCC_WARN_UNINITIALIZED_AUTOS = YES_AGGRESSIVE;
				GCC_WARN_UNUSED_FUNCTION = YES;
				GCC_WARN_UNUSED_VARIABLE = YES;
				IPHONEOS_DEPLOYMENT_TARGET = 14.5;
				MTL_ENABLE_DEBUG_INFO = NO;
				MTL_FAST_MATH = YES;
				SDKROOT = iphoneos;
				SWIFT_COMPILATION_MODE = wholemodule;
				SWIFT_OPTIMIZATION_LEVEL = "-O";
				VALIDATE_PRODUCT = YES;
			};
			name = Release;
		};
		31E7684F263F6E4100F8F65B /* Debug */ = {
			isa = XCBuildConfiguration;
			buildSettings = {
				ASSETCATALOG_COMPILER_APPICON_NAME = AppIcon;
				ASSETCATALOG_COMPILER_GLOBAL_ACCENT_COLOR_NAME = AccentColor;
				CODE_SIGN_STYLE = Automatic;
				DEVELOPMENT_ASSET_PATHS = "\"PartyApp/Preview Content\"";
				DEVELOPMENT_TEAM = DV562Y5Y34;
				ENABLE_PREVIEWS = YES;
				INFOPLIST_FILE = PartyApp/Info.plist;
				IPHONEOS_DEPLOYMENT_TARGET = 14.0;
				LD_RUNPATH_SEARCH_PATHS = (
					"$(inherited)",
					"@executable_path/Frameworks",
				);
				PRODUCT_BUNDLE_IDENTIFIER = org.PartyGroup.PartyApp;
				PRODUCT_NAME = "$(TARGET_NAME)";
				SWIFT_VERSION = 5.0;
				TARGETED_DEVICE_FAMILY = "1,2";
			};
			name = Debug;
		};
		31E76850263F6E4100F8F65B /* Release */ = {
			isa = XCBuildConfiguration;
			buildSettings = {
				ASSETCATALOG_COMPILER_APPICON_NAME = AppIcon;
				ASSETCATALOG_COMPILER_GLOBAL_ACCENT_COLOR_NAME = AccentColor;
				CODE_SIGN_STYLE = Automatic;
				DEVELOPMENT_ASSET_PATHS = "\"PartyApp/Preview Content\"";
				DEVELOPMENT_TEAM = DV562Y5Y34;
				ENABLE_PREVIEWS = YES;
				INFOPLIST_FILE = PartyApp/Info.plist;
				IPHONEOS_DEPLOYMENT_TARGET = 14.0;
				LD_RUNPATH_SEARCH_PATHS = (
					"$(inherited)",
					"@executable_path/Frameworks",
				);
				PRODUCT_BUNDLE_IDENTIFIER = org.PartyGroup.PartyApp;
				PRODUCT_NAME = "$(TARGET_NAME)";
				SWIFT_VERSION = 5.0;
				TARGETED_DEVICE_FAMILY = "1,2";
			};
			name = Release;
		};
/* End XCBuildConfiguration section */

/* Begin XCConfigurationList section */
		31E7683A263F6E4000F8F65B /* Build configuration list for PBXProject "PartyApp" */ = {
			isa = XCConfigurationList;
			buildConfigurations = (
				31E7684C263F6E4100F8F65B /* Debug */,
				31E7684D263F6E4100F8F65B /* Release */,
			);
			defaultConfigurationIsVisible = 0;
			defaultConfigurationName = Release;
		};
		31E7684E263F6E4100F8F65B /* Build configuration list for PBXNativeTarget "PartyApp" */ = {
			isa = XCConfigurationList;
			buildConfigurations = (
				31E7684F263F6E4100F8F65B /* Debug */,
				31E76850263F6E4100F8F65B /* Release */,
			);
			defaultConfigurationIsVisible = 0;
			defaultConfigurationName = Release;
		};
/* End XCConfigurationList section */
	};
	rootObject = 31E76837263F6E4000F8F65B /* Project object */;
}
